
Microsoft Visual Studio Solution File, Format Version 12.00
# Visual Studio Version 17
VisualStudioVersion = 17.4.33205.214
MinimumVisualStudioVersion = 10.0.40219.1
Project("{FAE04EC0-301F-11D3-BF4B-00C04F79EFBC}") = "Calculations", "Calculations\Calculations.csproj", "{B9A7898C-8A1A-4DB5-93FE-B22DF5D113AA}"
EndProject
Project("{FAE04EC0-301F-11D3-BF4B-00C04F79EFBC}") = "Calculations.Tests", "Calculations.Tests\Calculations.Tests.csproj", "{A31AC6B1-95C1-4A69-821C-BEAF4F46B51C}"
EndProject
Global
	GlobalSection(SolutionConfigurationPlatforms) = preSolution
		Debug|Any CPU = Debug|Any CPU
		Release|Any CPU = Release|Any CPU
	EndGlobalSection
	GlobalSection(ProjectConfigurationPlatforms) = postSolution
		{B9A7898C-8A1A-4DB5-93FE-B22DF5D113AA}.Debug|Any CPU.ActiveCfg = Debug|Any CPU
		{B9A7898C-8A1A-4DB5-93FE-B22DF5D113AA}.Debug|Any CPU.Build.0 = Debug|Any CPU
		{B9A7898C-8A1A-4DB5-93FE-B22DF5D113AA}.Release|Any CPU.ActiveCfg = Release|Any CPU
		{B9A7898C-8A1A-4DB5-93FE-B22DF5D113AA}.Release|Any CPU.Build.0 = Release|Any CPU
		{A31AC6B1-95C1-4A69-821C-BEAF4F46B51C}.Debug|Any CPU.ActiveCfg = Debug|Any CPU
		{A31AC6B1-95C1-4A69-821C-BEAF4F46B51C}.Debug|Any CPU.Build.0 = Debug|Any CPU
		{A31AC6B1-95C1-4A69-821C-BEAF4F46B51C}.Release|Any CPU.ActiveCfg = Release|Any CPU
		{A31AC6B1-95C1-4A69-821C-BEAF4F46B51C}.Release|Any CPU.Build.0 = Release|Any CPU
	EndGlobalSection
	GlobalSection(SolutionProperties) = preSolution
		HideSolutionNode = FALSE
	EndGlobalSection
	GlobalSection(ExtensibilityGlobals) = postSolution
		SolutionGuid = {742FAFE5-9F7F-4EE3-A440-441CE3CC1B9C}
	EndGlobalSection
EndGlobal
